
Microsoft Visual Studio Solution File, Format Version 12.00
# Visual Studio Version 17
VisualStudioVersion = 17.4.33205.214
MinimumVisualStudioVersion = 10.0.40219.1
Project("{FAE04EC0-301F-11D3-BF4B-00C04F79EFBC}") = "PhoneBook", "PhoneBook\PhoneBook.csproj", "{9456AF6B-ED84-48CA-94D2-0366AAD99C59}"
EndProject
Global
	GlobalSection(SolutionConfigurationPlatforms) = preSolution
		Debug|Any CPU = Debug|Any CPU
		Release|Any CPU = Release|Any CPU
	EndGlobalSection
	GlobalSection(ProjectConfigurationPlatforms) = postSolution
		{9456AF6B-ED84-48CA-94D2-0366AAD99C59}.Debug|Any CPU.ActiveCfg = Debug|Any CPU
		{9456AF6B-ED84-48CA-94D2-0366AAD99C59}.Debug|Any CPU.Build.0 = Debug|Any CPU
		{9456AF6B-ED84-48CA-94D2-0366AAD99C59}.Release|Any CPU.ActiveCfg = Release|Any CPU
		{9456AF6B-ED84-48CA-94D2-0366AAD99C59}.Release|Any CPU.Build.0 = Release|Any CPU
	EndGlobalSection
	GlobalSection(SolutionProperties) = preSolution
		HideSolutionNode = FALSE
	EndGlobalSection
	GlobalSection(ExtensibilityGlobals) = postSolution
		SolutionGuid = {7E1078F7-3B6D-4E05-AD20-1AFA5A489075}
	EndGlobalSection
EndGlobal
